
Microsoft Visual Studio Solution File, Format Version 12.00
# Visual Studio 14
VisualStudioVersion = 14.0.25420.1
MinimumVisualStudioVersion = 10.0.40219.1
Project("{FAE04EC0-301F-11D3-BF4B-00C04F79EFBC}") = "EmployeeManagement.Console", "EmployeeTool\EmployeeManagement.Console.csproj", "{7359030B-C790-4F22-A7AD-574784CD874A}"
EndProject
Project("{2150E333-8FDC-42A3-9474-1A3956D46DE8}") = "BAL", "BAL", "{B3C7B744-2721-45EF-AAF6-1EDEA9E32E52}"
EndProject
Project("{2150E333-8FDC-42A3-9474-1A3956D46DE8}") = "DAL", "DAL", "{7B73425F-276B-433A-8021-7E512E47143F}"
EndProject
Project("{2150E333-8FDC-42A3-9474-1A3956D46DE8}") = "DataService", "DataService", "{FE3276D0-AF1E-4F50-81E7-B4E2195D0152}"
EndProject
Project("{FAE04EC0-301F-11D3-BF4B-00C04F79EFBC}") = "EmployeeManagement.DAL.AdoNet", "EmployeeToolAdoNet\EmployeeManagement.DAL.AdoNet.csproj", "{EF82482D-7A67-4C62-A3D6-77C8BE3B4945}"
EndProject
Project("{FAE04EC0-301F-11D3-BF4B-00C04F79EFBC}") = "EmployeeManagement.DAL.EF", "EmployeeToolEF\EmployeeManagement.DAL.EF.csproj", "{5E3C9FC6-E62F-4F75-89E6-FDE4E77B3299}"
EndProject
Project("{2150E333-8FDC-42A3-9474-1A3956D46DE8}") = "Models", "Models", "{60C1BE7C-49FF-4A51-9AF2-CB57235B836B}"
EndProject
Project("{FAE04EC0-301F-11D3-BF4B-00C04F79EFBC}") = "EmployeeManagement.Models", "EmployeeToolModels\EmployeeManagement.Models.csproj", "{6863E409-ACD3-4C32-8234-27BC505FFE22}"
EndProject
Project("{FAE04EC0-301F-11D3-BF4B-00C04F79EFBC}") = "EmployeeManagement.Interfaces", "EmployeeToolInterfaces\EmployeeManagement.Interfaces.csproj", "{9F55DEDF-A1C6-4D4E-97A1-9B836129AD38}"
EndProject
Project("{2150E333-8FDC-42A3-9474-1A3956D46DE8}") = "UI", "UI", "{FE5D47C7-39B6-4CCE-B97B-5F932C9C1F7D}"
EndProject
Project("{2150E333-8FDC-42A3-9474-1A3956D46DE8}") = "UnitTesting", "UnitTesting", "{D0A91E84-8B7B-4E89-95BD-F96885D2BD75}"
EndProject
Project("{2150E333-8FDC-42A3-9474-1A3956D46DE8}") = "API", "API", "{77E70EAF-7D8B-4454-A6CA-9E7AA9033E18}"
EndProject
Project("{FAE04EC0-301F-11D3-BF4B-00C04F79EFBC}") = "EmployeeManagementDbSetting", "EmployeeMnagementDbSetting\EmployeeManagementDbSetting.csproj", "{5E4F2244-7A72-457A-B56E-44BC9594D4DB}"
EndProject
Project("{2150E333-8FDC-42A3-9474-1A3956D46DE8}") = "Utils", "Utils", "{03A04617-3702-4FE8-B1C6-9ECEFEAE881B}"
EndProject
Project("{FAE04EC0-301F-11D3-BF4B-00C04F79EFBC}") = "EmployeeManagement.Utils", "EmployeeManagement.Utils\EmployeeManagement.Utils.csproj", "{FAE09DFC-A207-4926-A78E-179F9C1524AE}"
EndProject
Project("{FAE04EC0-301F-11D3-BF4B-00C04F79EFBC}") = "EmployeeTesting", "EmployeeTesting\EmployeeTesting.csproj", "{12808A6D-2DD7-47E7-83C1-D7126124D694}"
EndProject
Project("{FAE04EC0-301F-11D3-BF4B-00C04F79EFBC}") = "SalaryTesting", "SalaryTesting\SalaryTesting.csproj", "{224CDAEA-80F7-4607-A221-A3FA09715FAF}"
EndProject
Project("{FAE04EC0-301F-11D3-BF4B-00C04F79EFBC}") = "EmployeeSalary", "EmployeeLayer\EmployeeSalary.csproj", "{5AC8400F-7C9E-4EC4-9DE6-E1D6D98A3838}"
EndProject
Project("{FAE04EC0-301F-11D3-BF4B-00C04F79EFBC}") = "Jquery", "Jquery\Jquery.csproj", "{8A8718AB-EDC8-4D8F-A999-6D463B955FC0}"
EndProject
Project("{2150E333-8FDC-42A3-9474-1A3956D46DE8}") = "EFTesting", "EFTesting", "{97011CD2-B9FB-4FC4-895B-E65FE2B92A57}"
EndProject
Project("{FAE04EC0-301F-11D3-BF4B-00C04F79EFBC}") = "EmployeeUnitTestingEF", "EmployeeUnitTestingEF\EmployeeUnitTestingEF.csproj", "{7B623983-94A3-449D-BDA1-B9A1C8B06F53}"
EndProject
Project("{FAE04EC0-301F-11D3-BF4B-00C04F79EFBC}") = "EFModels", "EFModels\EFModels.csproj", "{1BD9A073-CF2A-4299-AC39-A2AC134FE553}"
EndProject
Project("{FAE04EC0-301F-11D3-BF4B-00C04F79EFBC}") = "ConsoleApplication1", "ConsoleApplication1\ConsoleApplication1.csproj", "{3A7C13E6-7066-443C-B614-F1FBD221E3E4}"
EndProject
Global
	GlobalSection(SolutionConfigurationPlatforms) = preSolution
		Debug|Any CPU = Debug|Any CPU
		Release|Any CPU = Release|Any CPU
	EndGlobalSection
	GlobalSection(ProjectConfigurationPlatforms) = postSolution
		{7359030B-C790-4F22-A7AD-574784CD874A}.Debug|Any CPU.ActiveCfg = Debug|Any CPU
		{7359030B-C790-4F22-A7AD-574784CD874A}.Debug|Any CPU.Build.0 = Debug|Any CPU
		{7359030B-C790-4F22-A7AD-574784CD874A}.Release|Any CPU.ActiveCfg = Release|Any CPU
		{7359030B-C790-4F22-A7AD-574784CD874A}.Release|Any CPU.Build.0 = Release|Any CPU
		{EF82482D-7A67-4C62-A3D6-77C8BE3B4945}.Debug|Any CPU.ActiveCfg = Debug|Any CPU
		{EF82482D-7A67-4C62-A3D6-77C8BE3B4945}.Debug|Any CPU.Build.0 = Debug|Any CPU
		{EF82482D-7A67-4C62-A3D6-77C8BE3B4945}.Release|Any CPU.ActiveCfg = Release|Any CPU
		{EF82482D-7A67-4C62-A3D6-77C8BE3B4945}.Release|Any CPU.Build.0 = Release|Any CPU
		{5E3C9FC6-E62F-4F75-89E6-FDE4E77B3299}.Debug|Any CPU.ActiveCfg = Debug|Any CPU
		{5E3C9FC6-E62F-4F75-89E6-FDE4E77B3299}.Debug|Any CPU.Build.0 = Debug|Any CPU
		{5E3C9FC6-E62F-4F75-89E6-FDE4E77B3299}.Release|Any CPU.ActiveCfg = Release|Any CPU
		{5E3C9FC6-E62F-4F75-89E6-FDE4E77B3299}.Release|Any CPU.Build.0 = Release|Any CPU
		{6863E409-ACD3-4C32-8234-27BC505FFE22}.Debug|Any CPU.ActiveCfg = Debug|Any CPU
		{6863E409-ACD3-4C32-8234-27BC505FFE22}.Debug|Any CPU.Build.0 = Debug|Any CPU
		{6863E409-ACD3-4C32-8234-27BC505FFE22}.Release|Any CPU.ActiveCfg = Release|Any CPU
		{6863E409-ACD3-4C32-8234-27BC505FFE22}.Release|Any CPU.Build.0 = Release|Any CPU
		{9F55DEDF-A1C6-4D4E-97A1-9B836129AD38}.Debug|Any CPU.ActiveCfg = Debug|Any CPU
		{9F55DEDF-A1C6-4D4E-97A1-9B836129AD38}.Debug|Any CPU.Build.0 = Debug|Any CPU
		{9F55DEDF-A1C6-4D4E-97A1-9B836129AD38}.Release|Any CPU.ActiveCfg = Release|Any CPU
		{9F55DEDF-A1C6-4D4E-97A1-9B836129AD38}.Release|Any CPU.Build.0 = Release|Any CPU
		{5E4F2244-7A72-457A-B56E-44BC9594D4DB}.Debug|Any CPU.ActiveCfg = Debug|Any CPU
		{5E4F2244-7A72-457A-B56E-44BC9594D4DB}.Debug|Any CPU.Build.0 = Debug|Any CPU
		{5E4F2244-7A72-457A-B56E-44BC9594D4DB}.Release|Any CPU.ActiveCfg = Release|Any CPU
		{5E4F2244-7A72-457A-B56E-44BC9594D4DB}.Release|Any CPU.Build.0 = Release|Any CPU
		{FAE09DFC-A207-4926-A78E-179F9C1524AE}.Debug|Any CPU.ActiveCfg = Debug|Any CPU
		{FAE09DFC-A207-4926-A78E-179F9C1524AE}.Debug|Any CPU.Build.0 = Debug|Any CPU
		{FAE09DFC-A207-4926-A78E-179F9C1524AE}.Release|Any CPU.ActiveCfg = Release|Any CPU
		{FAE09DFC-A207-4926-A78E-179F9C1524AE}.Release|Any CPU.Build.0 = Release|Any CPU
		{12808A6D-2DD7-47E7-83C1-D7126124D694}.Debug|Any CPU.ActiveCfg = Debug|Any CPU
		{12808A6D-2DD7-47E7-83C1-D7126124D694}.Debug|Any CPU.Build.0 = Debug|Any CPU
		{12808A6D-2DD7-47E7-83C1-D7126124D694}.Release|Any CPU.ActiveCfg = Release|Any CPU
		{12808A6D-2DD7-47E7-83C1-D7126124D694}.Release|Any CPU.Build.0 = Release|Any CPU
		{224CDAEA-80F7-4607-A221-A3FA09715FAF}.Debug|Any CPU.ActiveCfg = Debug|Any CPU
		{224CDAEA-80F7-4607-A221-A3FA09715FAF}.Debug|Any CPU.Build.0 = Debug|Any CPU
		{224CDAEA-80F7-4607-A221-A3FA09715FAF}.Release|Any CPU.ActiveCfg = Release|Any CPU
		{224CDAEA-80F7-4607-A221-A3FA09715FAF}.Release|Any CPU.Build.0 = Release|Any CPU
		{5AC8400F-7C9E-4EC4-9DE6-E1D6D98A3838}.Debug|Any CPU.ActiveCfg = Debug|Any CPU
		{5AC8400F-7C9E-4EC4-9DE6-E1D6D98A3838}.Debug|Any CPU.Build.0 = Debug|Any CPU
		{5AC8400F-7C9E-4EC4-9DE6-E1D6D98A3838}.Release|Any CPU.ActiveCfg = Release|Any CPU
		{5AC8400F-7C9E-4EC4-9DE6-E1D6D98A3838}.Release|Any CPU.Build.0 = Release|Any CPU
		{8A8718AB-EDC8-4D8F-A999-6D463B955FC0}.Debug|Any CPU.ActiveCfg = Debug|Any CPU
		{8A8718AB-EDC8-4D8F-A999-6D463B955FC0}.Debug|Any CPU.Build.0 = Debug|Any CPU
		{8A8718AB-EDC8-4D8F-A999-6D463B955FC0}.Release|Any CPU.ActiveCfg = Release|Any CPU
		{8A8718AB-EDC8-4D8F-A999-6D463B955FC0}.Release|Any CPU.Build.0 = Release|Any CPU
		{7B623983-94A3-449D-BDA1-B9A1C8B06F53}.Debug|Any CPU.ActiveCfg = Debug|Any CPU
		{7B623983-94A3-449D-BDA1-B9A1C8B06F53}.Debug|Any CPU.Build.0 = Debug|Any CPU
		{7B623983-94A3-449D-BDA1-B9A1C8B06F53}.Release|Any CPU.ActiveCfg = Release|Any CPU
		{7B623983-94A3-449D-BDA1-B9A1C8B06F53}.Release|Any CPU.Build.0 = Release|Any CPU
		{1BD9A073-CF2A-4299-AC39-A2AC134FE553}.Debug|Any CPU.ActiveCfg = Debug|Any CPU
		{1BD9A073-CF2A-4299-AC39-A2AC134FE553}.Debug|Any CPU.Build.0 = Debug|Any CPU
		{1BD9A073-CF2A-4299-AC39-A2AC134FE553}.Release|Any CPU.ActiveCfg = Release|Any CPU
		{1BD9A073-CF2A-4299-AC39-A2AC134FE553}.Release|Any CPU.Build.0 = Release|Any CPU
		{3A7C13E6-7066-443C-B614-F1FBD221E3E4}.Debug|Any CPU.ActiveCfg = Debug|Any CPU
		{3A7C13E6-7066-443C-B614-F1FBD221E3E4}.Debug|Any CPU.Build.0 = Debug|Any CPU
		{3A7C13E6-7066-443C-B614-F1FBD221E3E4}.Release|Any CPU.ActiveCfg = Release|Any CPU
		{3A7C13E6-7066-443C-B614-F1FBD221E3E4}.Release|Any CPU.Build.0 = Release|Any CPU
	EndGlobalSection
	GlobalSection(SolutionProperties) = preSolution
		HideSolutionNode = FALSE
	EndGlobalSection
	GlobalSection(NestedProjects) = preSolution
		{EF82482D-7A67-4C62-A3D6-77C8BE3B4945} = {7B73425F-276B-433A-8021-7E512E47143F}
		{5E3C9FC6-E62F-4F75-89E6-FDE4E77B3299} = {7B73425F-276B-433A-8021-7E512E47143F}
		{6863E409-ACD3-4C32-8234-27BC505FFE22} = {60C1BE7C-49FF-4A51-9AF2-CB57235B836B}
		{9F55DEDF-A1C6-4D4E-97A1-9B836129AD38} = {FE3276D0-AF1E-4F50-81E7-B4E2195D0152}
		{5E4F2244-7A72-457A-B56E-44BC9594D4DB} = {7B73425F-276B-433A-8021-7E512E47143F}
		{FAE09DFC-A207-4926-A78E-179F9C1524AE} = {03A04617-3702-4FE8-B1C6-9ECEFEAE881B}
		{12808A6D-2DD7-47E7-83C1-D7126124D694} = {D0A91E84-8B7B-4E89-95BD-F96885D2BD75}
		{224CDAEA-80F7-4607-A221-A3FA09715FAF} = {D0A91E84-8B7B-4E89-95BD-F96885D2BD75}
		{5AC8400F-7C9E-4EC4-9DE6-E1D6D98A3838} = {77E70EAF-7D8B-4454-A6CA-9E7AA9033E18}
		{8A8718AB-EDC8-4D8F-A999-6D463B955FC0} = {FE5D47C7-39B6-4CCE-B97B-5F932C9C1F7D}
		{97011CD2-B9FB-4FC4-895B-E65FE2B92A57} = {D0A91E84-8B7B-4E89-95BD-F96885D2BD75}
		{7B623983-94A3-449D-BDA1-B9A1C8B06F53} = {97011CD2-B9FB-4FC4-895B-E65FE2B92A57}
		{1BD9A073-CF2A-4299-AC39-A2AC134FE553} = {60C1BE7C-49FF-4A51-9AF2-CB57235B836B}
	EndGlobalSection
EndGlobal
